
Microsoft Visual Studio Solution File, Format Version 12.00
# Visual Studio 15
Project("{FAE04EC0-301F-11D3-BF4B-00C04F79EFBC}") = "Unity.Timeline", "Unity.Timeline.csproj", "{B5DC07E1-BFF0-90E3-BB68-83E14C565862}"
EndProject
Project("{FAE04EC0-301F-11D3-BF4B-00C04F79EFBC}") = "Unity.Timeline.Editor", "Unity.Timeline.Editor.csproj", "{8CF061BF-5ACE-8B2D-9D46-199994FF2666}"
EndProject
Project("{FAE04EC0-301F-11D3-BF4B-00C04F79EFBC}") = "Unity.2D.Tilemap.Editor", "Unity.2D.Tilemap.Editor.csproj", "{AC1389C5-10D7-9CCD-106B-52804EB5CCDF}"
EndProject
Project("{FAE04EC0-301F-11D3-BF4B-00C04F79EFBC}") = "Unity.TextMeshPro.Editor", "Unity.TextMeshPro.Editor.csproj", "{B43F4010-CA0A-576B-CCD2-76C65CCF8B86}"
EndProject
Project("{FAE04EC0-301F-11D3-BF4B-00C04F79EFBC}") = "Unity.2D.Aseprite.Editor", "Unity.2D.Aseprite.Editor.csproj", "{4A2D8DB0-608E-8DDF-5CB3-D6DE934A8B27}"
EndProject
Project("{FAE04EC0-301F-11D3-BF4B-00C04F79EFBC}") = "Unity.VisualScripting.Flow", "Unity.VisualScripting.Flow.csproj", "{AD85C531-498F-5422-145C-0542B5B5E529}"
EndProject
Project("{FAE04EC0-301F-11D3-BF4B-00C04F79EFBC}") = "UnityEditor.UI", "UnityEditor.UI.csproj", "{318C2E42-3513-319D-3E39-C1B575C0CC67}"
EndProject
Project("{FAE04EC0-301F-11D3-BF4B-00C04F79EFBC}") = "Unity.PlasticSCM.Editor", "Unity.PlasticSCM.Editor.csproj", "{DBAEAB67-945B-1E6D-0DD2-919A687021AE}"
EndProject
Project("{FAE04EC0-301F-11D3-BF4B-00C04F79EFBC}") = "Unity.2D.Psdimporter.Editor", "Unity.2D.Psdimporter.Editor.csproj", "{0B1B5F21-3116-A186-F930-E9082CF2CCD0}"
EndProject
Project("{FAE04EC0-301F-11D3-BF4B-00C04F79EFBC}") = "Unity.VisualScripting.Core", "Unity.VisualScripting.Core.csproj", "{E2C199C3-8515-413F-BB89-C11257B194AF}"
EndProject
Project("{FAE04EC0-301F-11D3-BF4B-00C04F79EFBC}") = "Unity.Mathematics", "Unity.Mathematics.csproj", "{5349E90F-F966-FB58-433D-59171EFB78BF}"
EndProject
Project("{FAE04EC0-301F-11D3-BF4B-00C04F79EFBC}") = "Unity.2D.Animation.Editor", "Unity.2D.Animation.Editor.csproj", "{3B1ADAC9-5A2A-8960-0312-B632091F2392}"
EndProject
Project("{FAE04EC0-301F-11D3-BF4B-00C04F79EFBC}") = "Unity.2D.Common.Path.Editor", "Unity.2D.Common.Path.Editor.csproj", "{7BFA9006-A583-A33B-8642-F8D48B61457D}"
EndProject
Project("{FAE04EC0-301F-11D3-BF4B-00C04F79EFBC}") = "Unity.VisualScripting.Core.Editor", "Unity.VisualScripting.Core.Editor.csproj", "{3D2720A2-C695-086A-BF0A-B9D25B8744BC}"
EndProject
Project("{FAE04EC0-301F-11D3-BF4B-00C04F79EFBC}") = "Unity.2D.IK.Runtime", "Unity.2D.IK.Runtime.csproj", "{53C2A7E9-F42E-80E0-9B8F-1A9D8E808970}"
EndProject
Project("{FAE04EC0-301F-11D3-BF4B-00C04F79EFBC}") = "Unity.VisualScripting.Flow.Editor", "Unity.VisualScripting.Flow.Editor.csproj", "{5CB56088-A2D6-4872-4938-8386BAA472C9}"
EndProject
Project("{FAE04EC0-301F-11D3-BF4B-00C04F79EFBC}") = "UnityEditor.TestRunner", "UnityEditor.TestRunner.csproj", "{7231031E-40A7-7BC9-2E2B-B4B86233105A}"
EndProject
Project("{FAE04EC0-301F-11D3-BF4B-00C04F79EFBC}") = "Unity.VisualScripting.SettingsProvider.Editor", "Unity.VisualScripting.SettingsProvider.Editor.csproj", "{7B32D446-1D9E-7AB3-A4C0-6BEB63D6E8B5}"
EndProject
Project("{FAE04EC0-301F-11D3-BF4B-00C04F79EFBC}") = "UnityEngine.TestRunner", "UnityEngine.TestRunner.csproj", "{E938DAAB-C187-D8F2-151B-DE37DEE1C041}"
EndProject
Project("{FAE04EC0-301F-11D3-BF4B-00C04F79EFBC}") = "PsdPlugin", "PsdPlugin.csproj", "{8C0E3BC5-5845-A108-FA21-E5AB280CEBFB}"
EndProject
Project("{FAE04EC0-301F-11D3-BF4B-00C04F79EFBC}") = "Unity.Burst", "Unity.Burst.csproj", "{30C50C2B-86DD-95EB-55BC-C1B0AAC1C98D}"
EndProject
Project("{FAE04EC0-301F-11D3-BF4B-00C04F79EFBC}") = "UnityEngine.UI", "UnityEngine.UI.csproj", "{354ECFCA-36E5-E194-15B2-AD2491741E4D}"
EndProject
Project("{FAE04EC0-301F-11D3-BF4B-00C04F79EFBC}") = "Unity.2D.SpriteShape.Editor", "Unity.2D.SpriteShape.Editor.csproj", "{2D0FF669-5239-27EF-6DB0-796847B0C888}"
EndProject
Project("{FAE04EC0-301F-11D3-BF4B-00C04F79EFBC}") = "Unity.Collections", "Unity.Collections.csproj", "{F3A21A12-0FDC-F865-DF25-0BD71FCE982B}"
EndProject
Project("{FAE04EC0-301F-11D3-BF4B-00C04F79EFBC}") = "Unity.VisualStudio.Editor", "Unity.VisualStudio.Editor.csproj", "{9D7CC499-5915-E00D-E57B-CA0289D64241}"
EndProject
Project("{FAE04EC0-301F-11D3-BF4B-00C04F79EFBC}") = "Unity.2D.Tilemap.Extras.Editor", "Unity.2D.Tilemap.Extras.Editor.csproj", "{BB09C462-DA41-7F7D-C648-F0B4A7449821}"
EndProject
Project("{FAE04EC0-301F-11D3-BF4B-00C04F79EFBC}") = "Unity.Rider.Editor", "Unity.Rider.Editor.csproj", "{B4EB8D86-B970-F049-21A1-4632CD926CE6}"
EndProject
Project("{FAE04EC0-301F-11D3-BF4B-00C04F79EFBC}") = "Unity.InternalAPIEditorBridge.001", "Unity.InternalAPIEditorBridge.001.csproj", "{2090387A-DCC9-42D6-D19F-6648058ECCA2}"
EndProject
Project("{FAE04EC0-301F-11D3-BF4B-00C04F79EFBC}") = "Unity.2D.SpriteShape.Runtime", "Unity.2D.SpriteShape.Runtime.csproj", "{CE436A27-23E9-03ED-5659-CE8C4D6C8EB4}"
EndProject
Project("{FAE04EC0-301F-11D3-BF4B-00C04F79EFBC}") = "Unity.VisualScripting.State.Editor", "Unity.VisualScripting.State.Editor.csproj", "{249A9D62-BFF6-1E7D-1E31-60DB4150189C}"
EndProject
Project("{FAE04EC0-301F-11D3-BF4B-00C04F79EFBC}") = "Unity.2D.Animation.Runtime", "Unity.2D.Animation.Runtime.csproj", "{BE14EFA6-42A7-C1C8-5CAC-386E58F337A1}"
EndProject
Project("{FAE04EC0-301F-11D3-BF4B-00C04F79EFBC}") = "Assembly-CSharp", "Assembly-CSharp.csproj", "{07341847-CFDE-EB86-9547-87EAA6194077}"
EndProject
Project("{FAE04EC0-301F-11D3-BF4B-00C04F79EFBC}") = "Unity.Burst.CodeGen", "Unity.Burst.CodeGen.csproj", "{CCB46104-2FD6-DF54-8E9A-6ABC76B0FA5C}"
EndProject
Project("{FAE04EC0-301F-11D3-BF4B-00C04F79EFBC}") = "Unity.2D.Tilemap.Extras", "Unity.2D.Tilemap.Extras.csproj", "{625E57DE-A975-0C76-8450-80251D27ADE6}"
EndProject
Project("{FAE04EC0-301F-11D3-BF4B-00C04F79EFBC}") = "Unity.VisualScripting.State", "Unity.VisualScripting.State.csproj", "{DA7FD377-ABF0-A318-C93B-A397A14DB528}"
EndProject
Project("{FAE04EC0-301F-11D3-BF4B-00C04F79EFBC}") = "Unity.TextMeshPro", "Unity.TextMeshPro.csproj", "{CEBFAE35-173E-B8AE-ADC5-0D1C54BB7022}"
EndProject
Project("{FAE04EC0-301F-11D3-BF4B-00C04F79EFBC}") = "Unity.2D.Aseprite.Common", "Unity.2D.Aseprite.Common.csproj", "{AB607AF9-82A8-09B3-16BD-4E5F65677C51}"
EndProject
Project("{FAE04EC0-301F-11D3-BF4B-00C04F79EFBC}") = "Unity.2D.IK.Editor", "Unity.2D.IK.Editor.csproj", "{36998E95-A5B7-6D0D-A165-8925586E6C0E}"
EndProject
Project("{FAE04EC0-301F-11D3-BF4B-00C04F79EFBC}") = "Unity.InternalAPIEngineBridge.001", "Unity.InternalAPIEngineBridge.001.csproj", "{7C86B81C-A7AD-F0D2-7126-6E25712C0D4F}"
EndProject
Project("{FAE04EC0-301F-11D3-BF4B-00C04F79EFBC}") = "Unity.Burst.Editor", "Unity.Burst.Editor.csproj", "{BF9066B8-B015-CDDD-CA08-4BF0EAED4F98}"
EndProject
Project("{FAE04EC0-301F-11D3-BF4B-00C04F79EFBC}") = "Unity.2D.Common.Editor", "Unity.2D.Common.Editor.csproj", "{33380221-69D1-3A32-31FD-24FB2BCF1F70}"
EndProject
Project("{FAE04EC0-301F-11D3-BF4B-00C04F79EFBC}") = "Unity.2D.Sprite.Editor", "Unity.2D.Sprite.Editor.csproj", "{E76553D2-7550-7FDC-885F-4FB7DE98FB44}"
EndProject
Project("{FAE04EC0-301F-11D3-BF4B-00C04F79EFBC}") = "Unity.2D.PixelPerfect", "Unity.2D.PixelPerfect.csproj", "{CB2C818B-8DA1-4645-61A3-CAF8428F045C}"
EndProject
Project("{FAE04EC0-301F-11D3-BF4B-00C04F79EFBC}") = "Unity.2D.PixelPerfect.Editor", "Unity.2D.PixelPerfect.Editor.csproj", "{88861AF0-F113-024A-3CE9-82F8FAC9C2C3}"
EndProject
Project("{FAE04EC0-301F-11D3-BF4B-00C04F79EFBC}") = "Unity.2D.Common.Runtime", "Unity.2D.Common.Runtime.csproj", "{52E50808-5D1D-80B1-DC2F-CC819FF17EC5}"
EndProject
Project("{FAE04EC0-301F-11D3-BF4B-00C04F79EFBC}") = "Unity.Mathematics.Editor", "Unity.Mathematics.Editor.csproj", "{CBFE850F-AF8C-4B53-109E-01A2EF4F62EB}"
EndProject
Project("{FAE04EC0-301F-11D3-BF4B-00C04F79EFBC}") = "Unity.Collections.BurstCompatibilityGen", "Unity.Collections.BurstCompatibilityGen.csproj", "{D21E8236-7047-05F9-28BA-E85674C4D946}"
EndProject
Project("{FAE04EC0-301F-11D3-BF4B-00C04F79EFBC}") = "Unity.InternalAPIEditorBridge.005", "Unity.InternalAPIEditorBridge.005.csproj", "{FF09CF0A-DE69-6E8A-4AE2-4D8DFC93282B}"
EndProject
Project("{FAE04EC0-301F-11D3-BF4B-00C04F79EFBC}") = "Unity.VisualScripting.Shared.Editor", "Unity.VisualScripting.Shared.Editor.csproj", "{3304DE1A-A843-F4B5-909C-899A6272A4A8}"
EndProject
Project("{FAE04EC0-301F-11D3-BF4B-00C04F79EFBC}") = "Unity.Collections.DocCodeSamples", "Unity.Collections.DocCodeSamples.csproj", "{A2898BC6-5683-820D-668B-C8AED9BE5C87}"
EndProject
Project("{FAE04EC0-301F-11D3-BF4B-00C04F79EFBC}") = "Unity.CollabProxy.Editor", "Unity.CollabProxy.Editor.csproj", "{FB57EB7C-412C-9157-5530-DAC574A2529F}"
EndProject
Project("{FAE04EC0-301F-11D3-BF4B-00C04F79EFBC}") = "Unity.Timeline", "Unity.Timeline.Player.csproj", "{FF4E4D9D-D862-257A-91D0-2B5B413853A0}"
EndProject
Project("{FAE04EC0-301F-11D3-BF4B-00C04F79EFBC}") = "Unity.VisualScripting.Flow", "Unity.VisualScripting.Flow.Player.csproj", "{3BC39D9B-8CA2-58A4-4F22-C3BA47077A40}"
EndProject
Project("{FAE04EC0-301F-11D3-BF4B-00C04F79EFBC}") = "Unity.VisualScripting.Core", "Unity.VisualScripting.Core.Player.csproj", "{0A4B755D-0C5E-F135-2120-21590034A029}"
EndProject
Project("{FAE04EC0-301F-11D3-BF4B-00C04F79EFBC}") = "Unity.Mathematics", "Unity.Mathematics.Player.csproj", "{D11BE26A-4EBE-BF90-047D-EF45374CE726}"
EndProject
Project("{FAE04EC0-301F-11D3-BF4B-00C04F79EFBC}") = "Unity.2D.IK.Runtime", "Unity.2D.IK.Runtime.Player.csproj", "{D8934249-A7E0-0300-15F5-808A07D470CB}"
EndProject
Project("{FAE04EC0-301F-11D3-BF4B-00C04F79EFBC}") = "UnityEngine.TestRunner", "UnityEngine.TestRunner.Player.csproj", "{DC090728-DA05-0ABF-091A-B1D2816674EB}"
EndProject
Project("{FAE04EC0-301F-11D3-BF4B-00C04F79EFBC}") = "Unity.Burst", "Unity.Burst.Player.csproj", "{251C8AAC-324A-7740-0BFA-A59F80A88AFD}"
EndProject
Project("{FAE04EC0-301F-11D3-BF4B-00C04F79EFBC}") = "UnityEngine.UI", "UnityEngine.UI.Player.csproj", "{49ECBD50-B3C4-37D9-A156-CFDDCB220F70}"
EndProject
Project("{FAE04EC0-301F-11D3-BF4B-00C04F79EFBC}") = "Unity.Collections", "Unity.Collections.Player.csproj", "{1FFCB1A0-A6E8-58E1-945F-DBBB7F663DDC}"
EndProject
Project("{FAE04EC0-301F-11D3-BF4B-00C04F79EFBC}") = "Unity.2D.SpriteShape.Runtime", "Unity.2D.SpriteShape.Runtime.Player.csproj", "{9012A86C-D18B-1863-B9FE-B5B0DD37FC0A}"
EndProject
Project("{FAE04EC0-301F-11D3-BF4B-00C04F79EFBC}") = "Unity.2D.Animation.Runtime", "Unity.2D.Animation.Runtime.Player.csproj", "{FF29E15B-B64D-2C20-B47B-03A545F95101}"
EndProject
Project("{FAE04EC0-301F-11D3-BF4B-00C04F79EFBC}") = "Assembly-CSharp", "Assembly-CSharp.Player.csproj", "{2D21C3F7-6D52-8DC9-E422-B5D67BB46B50}"
EndProject
Project("{FAE04EC0-301F-11D3-BF4B-00C04F79EFBC}") = "Unity.2D.Tilemap.Extras", "Unity.2D.Tilemap.Extras.Player.csproj", "{0BEF5999-D00B-FAAC-6681-A5AD4F42B58E}"
EndProject
Project("{FAE04EC0-301F-11D3-BF4B-00C04F79EFBC}") = "Unity.VisualScripting.State", "Unity.VisualScripting.State.Player.csproj", "{23E0A59F-F501-33F9-2E90-BB27DEDEF085}"
EndProject
Project("{FAE04EC0-301F-11D3-BF4B-00C04F79EFBC}") = "Unity.TextMeshPro", "Unity.TextMeshPro.Player.csproj", "{C329B043-7BBA-F3AF-59C4-A8158B803314}"
EndProject
Project("{FAE04EC0-301F-11D3-BF4B-00C04F79EFBC}") = "Unity.InternalAPIEngineBridge.001", "Unity.InternalAPIEngineBridge.001.Player.csproj", "{8C1D954B-F8CF-DD04-A0DC-0A4B582ABB5C}"
EndProject
Project("{FAE04EC0-301F-11D3-BF4B-00C04F79EFBC}") = "Unity.2D.PixelPerfect", "Unity.2D.PixelPerfect.Player.csproj", "{E3529F27-CDB6-3F8F-A46C-ECDFEF53AD42}"
EndProject
Project("{FAE04EC0-301F-11D3-BF4B-00C04F79EFBC}") = "Unity.2D.Common.Runtime", "Unity.2D.Common.Runtime.Player.csproj", "{35C9BA5A-5888-F4D3-0FA0-FDB9E2245D02}"
EndProject
Global
	GlobalSection(SolutionConfigurationPlatforms) = preSolution
		Debug|Any CPU = Debug|Any CPU
		Release|Any CPU = Release|Any CPU
	EndGlobalSection
	GlobalSection(ProjectConfigurationPlatforms) = postSolution
		{B5DC07E1-BFF0-90E3-BB68-83E14C565862}.Debug|Any CPU.ActiveCfg = Debug|Any CPU
		{B5DC07E1-BFF0-90E3-BB68-83E14C565862}.Debug|Any CPU.Build.0 = Debug|Any CPU
		{B5DC07E1-BFF0-90E3-BB68-83E14C565862}.Release|Any CPU.ActiveCfg = Release|Any CPU
		{B5DC07E1-BFF0-90E3-BB68-83E14C565862}.Release|Any CPU.Build.0 = Release|Any CPU
		{8CF061BF-5ACE-8B2D-9D46-199994FF2666}.Debug|Any CPU.ActiveCfg = Debug|Any CPU
		{8CF061BF-5ACE-8B2D-9D46-199994FF2666}.Debug|Any CPU.Build.0 = Debug|Any CPU
		{8CF061BF-5ACE-8B2D-9D46-199994FF2666}.Release|Any CPU.ActiveCfg = Release|Any CPU
		{8CF061BF-5ACE-8B2D-9D46-199994FF2666}.Release|Any CPU.Build.0 = Release|Any CPU
		{AC1389C5-10D7-9CCD-106B-52804EB5CCDF}.Debug|Any CPU.ActiveCfg = Debug|Any CPU
		{AC1389C5-10D7-9CCD-106B-52804EB5CCDF}.Debug|Any CPU.Build.0 = Debug|Any CPU
		{AC1389C5-10D7-9CCD-106B-52804EB5CCDF}.Release|Any CPU.ActiveCfg = Release|Any CPU
		{AC1389C5-10D7-9CCD-106B-52804EB5CCDF}.Release|Any CPU.Build.0 = Release|Any CPU
		{B43F4010-CA0A-576B-CCD2-76C65CCF8B86}.Debug|Any CPU.ActiveCfg = Debug|Any CPU
		{B43F4010-CA0A-576B-CCD2-76C65CCF8B86}.Debug|Any CPU.Build.0 = Debug|Any CPU
		{B43F4010-CA0A-576B-CCD2-76C65CCF8B86}.Release|Any CPU.ActiveCfg = Release|Any CPU
		{B43F4010-CA0A-576B-CCD2-76C65CCF8B86}.Release|Any CPU.Build.0 = Release|Any CPU
		{4A2D8DB0-608E-8DDF-5CB3-D6DE934A8B27}.Debug|Any CPU.ActiveCfg = Debug|Any CPU
		{4A2D8DB0-608E-8DDF-5CB3-D6DE934A8B27}.Debug|Any CPU.Build.0 = Debug|Any CPU
		{4A2D8DB0-608E-8DDF-5CB3-D6DE934A8B27}.Release|Any CPU.ActiveCfg = Release|Any CPU
		{4A2D8DB0-608E-8DDF-5CB3-D6DE934A8B27}.Release|Any CPU.Build.0 = Release|Any CPU
		{AD85C531-498F-5422-145C-0542B5B5E529}.Debug|Any CPU.ActiveCfg = Debug|Any CPU
		{AD85C531-498F-5422-145C-0542B5B5E529}.Debug|Any CPU.Build.0 = Debug|Any CPU
		{AD85C531-498F-5422-145C-0542B5B5E529}.Release|Any CPU.ActiveCfg = Release|Any CPU
		{AD85C531-498F-5422-145C-0542B5B5E529}.Release|Any CPU.Build.0 = Release|Any CPU
		{318C2E42-3513-319D-3E39-C1B575C0CC67}.Debug|Any CPU.ActiveCfg = Debug|Any CPU
		{318C2E42-3513-319D-3E39-C1B575C0CC67}.Debug|Any CPU.Build.0 = Debug|Any CPU
		{318C2E42-3513-319D-3E39-C1B575C0CC67}.Release|Any CPU.ActiveCfg = Release|Any CPU
		{318C2E42-3513-319D-3E39-C1B575C0CC67}.Release|Any CPU.Build.0 = Release|Any CPU
		{DBAEAB67-945B-1E6D-0DD2-919A687021AE}.Debug|Any CPU.ActiveCfg = Debug|Any CPU
		{DBAEAB67-945B-1E6D-0DD2-919A687021AE}.Debug|Any CPU.Build.0 = Debug|Any CPU
		{DBAEAB67-945B-1E6D-0DD2-919A687021AE}.Release|Any CPU.ActiveCfg = Release|Any CPU
		{DBAEAB67-945B-1E6D-0DD2-919A687021AE}.Release|Any CPU.Build.0 = Release|Any CPU
		{0B1B5F21-3116-A186-F930-E9082CF2CCD0}.Debug|Any CPU.ActiveCfg = Debug|Any CPU
		{0B1B5F21-3116-A186-F930-E9082CF2CCD0}.Debug|Any CPU.Build.0 = Debug|Any CPU
		{0B1B5F21-3116-A186-F930-E9082CF2CCD0}.Release|Any CPU.ActiveCfg = Release|Any CPU
		{0B1B5F21-3116-A186-F930-E9082CF2CCD0}.Release|Any CPU.Build.0 = Release|Any CPU
		{E2C199C3-8515-413F-BB89-C11257B194AF}.Debug|Any CPU.ActiveCfg = Debug|Any CPU
		{E2C199C3-8515-413F-BB89-C11257B194AF}.Debug|Any CPU.Build.0 = Debug|Any CPU
		{E2C199C3-8515-413F-BB89-C11257B194AF}.Release|Any CPU.ActiveCfg = Release|Any CPU
		{E2C199C3-8515-413F-BB89-C11257B194AF}.Release|Any CPU.Build.0 = Release|Any CPU
		{5349E90F-F966-FB58-433D-59171EFB78BF}.Debug|Any CPU.ActiveCfg = Debug|Any CPU
		{5349E90F-F966-FB58-433D-59171EFB78BF}.Debug|Any CPU.Build.0 = Debug|Any CPU
		{5349E90F-F966-FB58-433D-59171EFB78BF}.Release|Any CPU.ActiveCfg = Release|Any CPU
		{5349E90F-F966-FB58-433D-59171EFB78BF}.Release|Any CPU.Build.0 = Release|Any CPU
		{3B1ADAC9-5A2A-8960-0312-B632091F2392}.Debug|Any CPU.ActiveCfg = Debug|Any CPU
		{3B1ADAC9-5A2A-8960-0312-B632091F2392}.Debug|Any CPU.Build.0 = Debug|Any CPU
		{3B1ADAC9-5A2A-8960-0312-B632091F2392}.Release|Any CPU.ActiveCfg = Release|Any CPU
		{3B1ADAC9-5A2A-8960-0312-B632091F2392}.Release|Any CPU.Build.0 = Release|Any CPU
		{7BFA9006-A583-A33B-8642-F8D48B61457D}.Debug|Any CPU.ActiveCfg = Debug|Any CPU
		{7BFA9006-A583-A33B-8642-F8D48B61457D}.Debug|Any CPU.Build.0 = Debug|Any CPU
		{7BFA9006-A583-A33B-8642-F8D48B61457D}.Release|Any CPU.ActiveCfg = Release|Any CPU
		{7BFA9006-A583-A33B-8642-F8D48B61457D}.Release|Any CPU.Build.0 = Release|Any CPU
		{3D2720A2-C695-086A-BF0A-B9D25B8744BC}.Debug|Any CPU.ActiveCfg = Debug|Any CPU
		{3D2720A2-C695-086A-BF0A-B9D25B8744BC}.Debug|Any CPU.Build.0 = Debug|Any CPU
		{3D2720A2-C695-086A-BF0A-B9D25B8744BC}.Release|Any CPU.ActiveCfg = Release|Any CPU
		{3D2720A2-C695-086A-BF0A-B9D25B8744BC}.Release|Any CPU.Build.0 = Release|Any CPU
		{53C2A7E9-F42E-80E0-9B8F-1A9D8E808970}.Debug|Any CPU.ActiveCfg = Debug|Any CPU
		{53C2A7E9-F42E-80E0-9B8F-1A9D8E808970}.Debug|Any CPU.Build.0 = Debug|Any CPU
		{53C2A7E9-F42E-80E0-9B8F-1A9D8E808970}.Release|Any CPU.ActiveCfg = Release|Any CPU
		{53C2A7E9-F42E-80E0-9B8F-1A9D8E808970}.Release|Any CPU.Build.0 = Release|Any CPU
		{5CB56088-A2D6-4872-4938-8386BAA472C9}.Debug|Any CPU.ActiveCfg = Debug|Any CPU
		{5CB56088-A2D6-4872-4938-8386BAA472C9}.Debug|Any CPU.Build.0 = Debug|Any CPU
		{5CB56088-A2D6-4872-4938-8386BAA472C9}.Release|Any CPU.ActiveCfg = Release|Any CPU
		{5CB56088-A2D6-4872-4938-8386BAA472C9}.Release|Any CPU.Build.0 = Release|Any CPU
		{7231031E-40A7-7BC9-2E2B-B4B86233105A}.Debug|Any CPU.ActiveCfg = Debug|Any CPU
		{7231031E-40A7-7BC9-2E2B-B4B86233105A}.Debug|Any CPU.Build.0 = Debug|Any CPU
		{7231031E-40A7-7BC9-2E2B-B4B86233105A}.Release|Any CPU.ActiveCfg = Release|Any CPU
		{7231031E-40A7-7BC9-2E2B-B4B86233105A}.Release|Any CPU.Build.0 = Release|Any CPU
		{7B32D446-1D9E-7AB3-A4C0-6BEB63D6E8B5}.Debug|Any CPU.ActiveCfg = Debug|Any CPU
		{7B32D446-1D9E-7AB3-A4C0-6BEB63D6E8B5}.Debug|Any CPU.Build.0 = Debug|Any CPU
		{7B32D446-1D9E-7AB3-A4C0-6BEB63D6E8B5}.Release|Any CPU.ActiveCfg = Release|Any CPU
		{7B32D446-1D9E-7AB3-A4C0-6BEB63D6E8B5}.Release|Any CPU.Build.0 = Release|Any CPU
		{E938DAAB-C187-D8F2-151B-DE37DEE1C041}.Debug|Any CPU.ActiveCfg = Debug|Any CPU
		{E938DAAB-C187-D8F2-151B-DE37DEE1C041}.Debug|Any CPU.Build.0 = Debug|Any CPU
		{E938DAAB-C187-D8F2-151B-DE37DEE1C041}.Release|Any CPU.ActiveCfg = Release|Any CPU
		{E938DAAB-C187-D8F2-151B-DE37DEE1C041}.Release|Any CPU.Build.0 = Release|Any CPU
		{8C0E3BC5-5845-A108-FA21-E5AB280CEBFB}.Debug|Any CPU.ActiveCfg = Debug|Any CPU
		{8C0E3BC5-5845-A108-FA21-E5AB280CEBFB}.Debug|Any CPU.Build.0 = Debug|Any CPU
		{8C0E3BC5-5845-A108-FA21-E5AB280CEBFB}.Release|Any CPU.ActiveCfg = Release|Any CPU
		{8C0E3BC5-5845-A108-FA21-E5AB280CEBFB}.Release|Any CPU.Build.0 = Release|Any CPU
		{30C50C2B-86DD-95EB-55BC-C1B0AAC1C98D}.Debug|Any CPU.ActiveCfg = Debug|Any CPU
		{30C50C2B-86DD-95EB-55BC-C1B0AAC1C98D}.Debug|Any CPU.Build.0 = Debug|Any CPU
		{30C50C2B-86DD-95EB-55BC-C1B0AAC1C98D}.Release|Any CPU.ActiveCfg = Release|Any CPU
		{30C50C2B-86DD-95EB-55BC-C1B0AAC1C98D}.Release|Any CPU.Build.0 = Release|Any CPU
		{354ECFCA-36E5-E194-15B2-AD2491741E4D}.Debug|Any CPU.ActiveCfg = Debug|Any CPU
		{354ECFCA-36E5-E194-15B2-AD2491741E4D}.Debug|Any CPU.Build.0 = Debug|Any CPU
		{354ECFCA-36E5-E194-15B2-AD2491741E4D}.Release|Any CPU.ActiveCfg = Release|Any CPU
		{354ECFCA-36E5-E194-15B2-AD2491741E4D}.Release|Any CPU.Build.0 = Release|Any CPU
		{2D0FF669-5239-27EF-6DB0-796847B0C888}.Debug|Any CPU.ActiveCfg = Debug|Any CPU
		{2D0FF669-5239-27EF-6DB0-796847B0C888}.Debug|Any CPU.Build.0 = Debug|Any CPU
		{2D0FF669-5239-27EF-6DB0-796847B0C888}.Release|Any CPU.ActiveCfg = Release|Any CPU
		{2D0FF669-5239-27EF-6DB0-796847B0C888}.Release|Any CPU.Build.0 = Release|Any CPU
		{F3A21A12-0FDC-F865-DF25-0BD71FCE982B}.Debug|Any CPU.ActiveCfg = Debug|Any CPU
		{F3A21A12-0FDC-F865-DF25-0BD71FCE982B}.Debug|Any CPU.Build.0 = Debug|Any CPU
		{F3A21A12-0FDC-F865-DF25-0BD71FCE982B}.Release|Any CPU.ActiveCfg = Release|Any CPU
		{F3A21A12-0FDC-F865-DF25-0BD71FCE982B}.Release|Any CPU.Build.0 = Release|Any CPU
		{9D7CC499-5915-E00D-E57B-CA0289D64241}.Debug|Any CPU.ActiveCfg = Debug|Any CPU
		{9D7CC499-5915-E00D-E57B-CA0289D64241}.Debug|Any CPU.Build.0 = Debug|Any CPU
		{9D7CC499-5915-E00D-E57B-CA0289D64241}.Release|Any CPU.ActiveCfg = Release|Any CPU
		{9D7CC499-5915-E00D-E57B-CA0289D64241}.Release|Any CPU.Build.0 = Release|Any CPU
		{BB09C462-DA41-7F7D-C648-F0B4A7449821}.Debug|Any CPU.ActiveCfg = Debug|Any CPU
		{BB09C462-DA41-7F7D-C648-F0B4A7449821}.Debug|Any CPU.Build.0 = Debug|Any CPU
		{BB09C462-DA41-7F7D-C648-F0B4A7449821}.Release|Any CPU.ActiveCfg = Release|Any CPU
		{BB09C462-DA41-7F7D-C648-F0B4A7449821}.Release|Any CPU.Build.0 = Release|Any CPU
		{B4EB8D86-B970-F049-21A1-4632CD926CE6}.Debug|Any CPU.ActiveCfg = Debug|Any CPU
		{B4EB8D86-B970-F049-21A1-4632CD926CE6}.Debug|Any CPU.Build.0 = Debug|Any CPU
		{B4EB8D86-B970-F049-21A1-4632CD926CE6}.Release|Any CPU.ActiveCfg = Release|Any CPU
		{B4EB8D86-B970-F049-21A1-4632CD926CE6}.Release|Any CPU.Build.0 = Release|Any CPU
		{2090387A-DCC9-42D6-D19F-6648058ECCA2}.Debug|Any CPU.ActiveCfg = Debug|Any CPU
		{2090387A-DCC9-42D6-D19F-6648058ECCA2}.Debug|Any CPU.Build.0 = Debug|Any CPU
		{2090387A-DCC9-42D6-D19F-6648058ECCA2}.Release|Any CPU.ActiveCfg = Release|Any CPU
		{2090387A-DCC9-42D6-D19F-6648058ECCA2}.Release|Any CPU.Build.0 = Release|Any CPU
		{CE436A27-23E9-03ED-5659-CE8C4D6C8EB4}.Debug|Any CPU.ActiveCfg = Debug|Any CPU
		{CE436A27-23E9-03ED-5659-CE8C4D6C8EB4}.Debug|Any CPU.Build.0 = Debug|Any CPU
		{CE436A27-23E9-03ED-5659-CE8C4D6C8EB4}.Release|Any CPU.ActiveCfg = Release|Any CPU
		{CE436A27-23E9-03ED-5659-CE8C4D6C8EB4}.Release|Any CPU.Build.0 = Release|Any CPU
		{249A9D62-BFF6-1E7D-1E31-60DB4150189C}.Debug|Any CPU.ActiveCfg = Debug|Any CPU
		{249A9D62-BFF6-1E7D-1E31-60DB4150189C}.Debug|Any CPU.Build.0 = Debug|Any CPU
		{249A9D62-BFF6-1E7D-1E31-60DB4150189C}.Release|Any CPU.ActiveCfg = Release|Any CPU
		{249A9D62-BFF6-1E7D-1E31-60DB4150189C}.Release|Any CPU.Build.0 = Release|Any CPU
		{BE14EFA6-42A7-C1C8-5CAC-386E58F337A1}.Debug|Any CPU.ActiveCfg = Debug|Any CPU
		{BE14EFA6-42A7-C1C8-5CAC-386E58F337A1}.Debug|Any CPU.Build.0 = Debug|Any CPU
		{BE14EFA6-42A7-C1C8-5CAC-386E58F337A1}.Release|Any CPU.ActiveCfg = Release|Any CPU
		{BE14EFA6-42A7-C1C8-5CAC-386E58F337A1}.Release|Any CPU.Build.0 = Release|Any CPU
		{07341847-CFDE-EB86-9547-87EAA6194077}.Debug|Any CPU.ActiveCfg = Debug|Any CPU
		{07341847-CFDE-EB86-9547-87EAA6194077}.Debug|Any CPU.Build.0 = Debug|Any CPU
		{07341847-CFDE-EB86-9547-87EAA6194077}.Release|Any CPU.ActiveCfg = Release|Any CPU
		{07341847-CFDE-EB86-9547-87EAA6194077}.Release|Any CPU.Build.0 = Release|Any CPU
		{CCB46104-2FD6-DF54-8E9A-6ABC76B0FA5C}.Debug|Any CPU.ActiveCfg = Debug|Any CPU
		{CCB46104-2FD6-DF54-8E9A-6ABC76B0FA5C}.Debug|Any CPU.Build.0 = Debug|Any CPU
		{CCB46104-2FD6-DF54-8E9A-6ABC76B0FA5C}.Release|Any CPU.ActiveCfg = Release|Any CPU
		{CCB46104-2FD6-DF54-8E9A-6ABC76B0FA5C}.Release|Any CPU.Build.0 = Release|Any CPU
		{625E57DE-A975-0C76-8450-80251D27ADE6}.Debug|Any CPU.ActiveCfg = Debug|Any CPU
		{625E57DE-A975-0C76-8450-80251D27ADE6}.Debug|Any CPU.Build.0 = Debug|Any CPU
		{625E57DE-A975-0C76-8450-80251D27ADE6}.Release|Any CPU.ActiveCfg = Release|Any CPU
		{625E57DE-A975-0C76-8450-80251D27ADE6}.Release|Any CPU.Build.0 = Release|Any CPU
		{DA7FD377-ABF0-A318-C93B-A397A14DB528}.Debug|Any CPU.ActiveCfg = Debug|Any CPU
		{DA7FD377-ABF0-A318-C93B-A397A14DB528}.Debug|Any CPU.Build.0 = Debug|Any CPU
		{DA7FD377-ABF0-A318-C93B-A397A14DB528}.Release|Any CPU.ActiveCfg = Release|Any CPU
		{DA7FD377-ABF0-A318-C93B-A397A14DB528}.Release|Any CPU.Build.0 = Release|Any CPU
		{CEBFAE35-173E-B8AE-ADC5-0D1C54BB7022}.Debug|Any CPU.ActiveCfg = Debug|Any CPU
		{CEBFAE35-173E-B8AE-ADC5-0D1C54BB7022}.Debug|Any CPU.Build.0 = Debug|Any CPU
		{CEBFAE35-173E-B8AE-ADC5-0D1C54BB7022}.Release|Any CPU.ActiveCfg = Release|Any CPU
		{CEBFAE35-173E-B8AE-ADC5-0D1C54BB7022}.Release|Any CPU.Build.0 = Release|Any CPU
		{AB607AF9-82A8-09B3-16BD-4E5F65677C51}.Debug|Any CPU.ActiveCfg = Debug|Any CPU
		{AB607AF9-82A8-09B3-16BD-4E5F65677C51}.Debug|Any CPU.Build.0 = Debug|Any CPU
		{AB607AF9-82A8-09B3-16BD-4E5F65677C51}.Release|Any CPU.ActiveCfg = Release|Any CPU
		{AB607AF9-82A8-09B3-16BD-4E5F65677C51}.Release|Any CPU.Build.0 = Release|Any CPU
		{36998E95-A5B7-6D0D-A165-8925586E6C0E}.Debug|Any CPU.ActiveCfg = Debug|Any CPU
		{36998E95-A5B7-6D0D-A165-8925586E6C0E}.Debug|Any CPU.Build.0 = Debug|Any CPU
		{36998E95-A5B7-6D0D-A165-8925586E6C0E}.Release|Any CPU.ActiveCfg = Release|Any CPU
		{36998E95-A5B7-6D0D-A165-8925586E6C0E}.Release|Any CPU.Build.0 = Release|Any CPU
		{7C86B81C-A7AD-F0D2-7126-6E25712C0D4F}.Debug|Any CPU.ActiveCfg = Debug|Any CPU
		{7C86B81C-A7AD-F0D2-7126-6E25712C0D4F}.Debug|Any CPU.Build.0 = Debug|Any CPU
		{7C86B81C-A7AD-F0D2-7126-6E25712C0D4F}.Release|Any CPU.ActiveCfg = Release|Any CPU
		{7C86B81C-A7AD-F0D2-7126-6E25712C0D4F}.Release|Any CPU.Build.0 = Release|Any CPU
		{BF9066B8-B015-CDDD-CA08-4BF0EAED4F98}.Debug|Any CPU.ActiveCfg = Debug|Any CPU
		{BF9066B8-B015-CDDD-CA08-4BF0EAED4F98}.Debug|Any CPU.Build.0 = Debug|Any CPU
		{BF9066B8-B015-CDDD-CA08-4BF0EAED4F98}.Release|Any CPU.ActiveCfg = Release|Any CPU
		{BF9066B8-B015-CDDD-CA08-4BF0EAED4F98}.Release|Any CPU.Build.0 = Release|Any CPU
		{33380221-69D1-3A32-31FD-24FB2BCF1F70}.Debug|Any CPU.ActiveCfg = Debug|Any CPU
		{33380221-69D1-3A32-31FD-24FB2BCF1F70}.Debug|Any CPU.Build.0 = Debug|Any CPU
		{33380221-69D1-3A32-31FD-24FB2BCF1F70}.Release|Any CPU.ActiveCfg = Release|Any CPU
		{33380221-69D1-3A32-31FD-24FB2BCF1F70}.Release|Any CPU.Build.0 = Release|Any CPU
		{E76553D2-7550-7FDC-885F-4FB7DE98FB44}.Debug|Any CPU.ActiveCfg = Debug|Any CPU
		{E76553D2-7550-7FDC-885F-4FB7DE98FB44}.Debug|Any CPU.Build.0 = Debug|Any CPU
		{E76553D2-7550-7FDC-885F-4FB7DE98FB44}.Release|Any CPU.ActiveCfg = Release|Any CPU
		{E76553D2-7550-7FDC-885F-4FB7DE98FB44}.Release|Any CPU.Build.0 = Release|Any CPU
		{CB2C818B-8DA1-4645-61A3-CAF8428F045C}.Debug|Any CPU.ActiveCfg = Debug|Any CPU
		{CB2C818B-8DA1-4645-61A3-CAF8428F045C}.Debug|Any CPU.Build.0 = Debug|Any CPU
		{CB2C818B-8DA1-4645-61A3-CAF8428F045C}.Release|Any CPU.ActiveCfg = Release|Any CPU
		{CB2C818B-8DA1-4645-61A3-CAF8428F045C}.Release|Any CPU.Build.0 = Release|Any CPU
		{88861AF0-F113-024A-3CE9-82F8FAC9C2C3}.Debug|Any CPU.ActiveCfg = Debug|Any CPU
		{88861AF0-F113-024A-3CE9-82F8FAC9C2C3}.Debug|Any CPU.Build.0 = Debug|Any CPU
		{88861AF0-F113-024A-3CE9-82F8FAC9C2C3}.Release|Any CPU.ActiveCfg = Release|Any CPU
		{88861AF0-F113-024A-3CE9-82F8FAC9C2C3}.Release|Any CPU.Build.0 = Release|Any CPU
		{52E50808-5D1D-80B1-DC2F-CC819FF17EC5}.Debug|Any CPU.ActiveCfg = Debug|Any CPU
		{52E50808-5D1D-80B1-DC2F-CC819FF17EC5}.Debug|Any CPU.Build.0 = Debug|Any CPU
		{52E50808-5D1D-80B1-DC2F-CC819FF17EC5}.Release|Any CPU.ActiveCfg = Release|Any CPU
		{52E50808-5D1D-80B1-DC2F-CC819FF17EC5}.Release|Any CPU.Build.0 = Release|Any CPU
		{CBFE850F-AF8C-4B53-109E-01A2EF4F62EB}.Debug|Any CPU.ActiveCfg = Debug|Any CPU
		{CBFE850F-AF8C-4B53-109E-01A2EF4F62EB}.Debug|Any CPU.Build.0 = Debug|Any CPU
		{CBFE850F-AF8C-4B53-109E-01A2EF4F62EB}.Release|Any CPU.ActiveCfg = Release|Any CPU
		{CBFE850F-AF8C-4B53-109E-01A2EF4F62EB}.Release|Any CPU.Build.0 = Release|Any CPU
		{D21E8236-7047-05F9-28BA-E85674C4D946}.Debug|Any CPU.ActiveCfg = Debug|Any CPU
		{D21E8236-7047-05F9-28BA-E85674C4D946}.Debug|Any CPU.Build.0 = Debug|Any CPU
		{D21E8236-7047-05F9-28BA-E85674C4D946}.Release|Any CPU.ActiveCfg = Release|Any CPU
		{D21E8236-7047-05F9-28BA-E85674C4D946}.Release|Any CPU.Build.0 = Release|Any CPU
		{FF09CF0A-DE69-6E8A-4AE2-4D8DFC93282B}.Debug|Any CPU.ActiveCfg = Debug|Any CPU
		{FF09CF0A-DE69-6E8A-4AE2-4D8DFC93282B}.Debug|Any CPU.Build.0 = Debug|Any CPU
		{FF09CF0A-DE69-6E8A-4AE2-4D8DFC93282B}.Release|Any CPU.ActiveCfg = Release|Any CPU
		{FF09CF0A-DE69-6E8A-4AE2-4D8DFC93282B}.Release|Any CPU.Build.0 = Release|Any CPU
		{3304DE1A-A843-F4B5-909C-899A6272A4A8}.Debug|Any CPU.ActiveCfg = Debug|Any CPU
		{3304DE1A-A843-F4B5-909C-899A6272A4A8}.Debug|Any CPU.Build.0 = Debug|Any CPU
		{3304DE1A-A843-F4B5-909C-899A6272A4A8}.Release|Any CPU.ActiveCfg = Release|Any CPU
		{3304DE1A-A843-F4B5-909C-899A6272A4A8}.Release|Any CPU.Build.0 = Release|Any CPU
		{A2898BC6-5683-820D-668B-C8AED9BE5C87}.Debug|Any CPU.ActiveCfg = Debug|Any CPU
		{A2898BC6-5683-820D-668B-C8AED9BE5C87}.Debug|Any CPU.Build.0 = Debug|Any CPU
		{A2898BC6-5683-820D-668B-C8AED9BE5C87}.Release|Any CPU.ActiveCfg = Release|Any CPU
		{A2898BC6-5683-820D-668B-C8AED9BE5C87}.Release|Any CPU.Build.0 = Release|Any CPU
		{FB57EB7C-412C-9157-5530-DAC574A2529F}.Debug|Any CPU.ActiveCfg = Debug|Any CPU
		{FB57EB7C-412C-9157-5530-DAC574A2529F}.Debug|Any CPU.Build.0 = Debug|Any CPU
		{FB57EB7C-412C-9157-5530-DAC574A2529F}.Release|Any CPU.ActiveCfg = Release|Any CPU
		{FB57EB7C-412C-9157-5530-DAC574A2529F}.Release|Any CPU.Build.0 = Release|Any CPU
		{FF4E4D9D-D862-257A-91D0-2B5B413853A0}.Debug|Any CPU.ActiveCfg = Debug|Any CPU
		{FF4E4D9D-D862-257A-91D0-2B5B413853A0}.Debug|Any CPU.Build.0 = Debug|Any CPU
		{FF4E4D9D-D862-257A-91D0-2B5B413853A0}.Release|Any CPU.ActiveCfg = Release|Any CPU
		{FF4E4D9D-D862-257A-91D0-2B5B413853A0}.Release|Any CPU.Build.0 = Release|Any CPU
		{3BC39D9B-8CA2-58A4-4F22-C3BA47077A40}.Debug|Any CPU.ActiveCfg = Debug|Any CPU
		{3BC39D9B-8CA2-58A4-4F22-C3BA47077A40}.Debug|Any CPU.Build.0 = Debug|Any CPU
		{3BC39D9B-8CA2-58A4-4F22-C3BA47077A40}.Release|Any CPU.ActiveCfg = Release|Any CPU
		{3BC39D9B-8CA2-58A4-4F22-C3BA47077A40}.Release|Any CPU.Build.0 = Release|Any CPU
		{0A4B755D-0C5E-F135-2120-21590034A029}.Debug|Any CPU.ActiveCfg = Debug|Any CPU
		{0A4B755D-0C5E-F135-2120-21590034A029}.Debug|Any CPU.Build.0 = Debug|Any CPU
		{0A4B755D-0C5E-F135-2120-21590034A029}.Release|Any CPU.ActiveCfg = Release|Any CPU
		{0A4B755D-0C5E-F135-2120-21590034A029}.Release|Any CPU.Build.0 = Release|Any CPU
		{D11BE26A-4EBE-BF90-047D-EF45374CE726}.Debug|Any CPU.ActiveCfg = Debug|Any CPU
		{D11BE26A-4EBE-BF90-047D-EF45374CE726}.Debug|Any CPU.Build.0 = Debug|Any CPU
		{D11BE26A-4EBE-BF90-047D-EF45374CE726}.Release|Any CPU.ActiveCfg = Release|Any CPU
		{D11BE26A-4EBE-BF90-047D-EF45374CE726}.Release|Any CPU.Build.0 = Release|Any CPU
		{D8934249-A7E0-0300-15F5-808A07D470CB}.Debug|Any CPU.ActiveCfg = Debug|Any CPU
		{D8934249-A7E0-0300-15F5-808A07D470CB}.Debug|Any CPU.Build.0 = Debug|Any CPU
		{D8934249-A7E0-0300-15F5-808A07D470CB}.Release|Any CPU.ActiveCfg = Release|Any CPU
		{D8934249-A7E0-0300-15F5-808A07D470CB}.Release|Any CPU.Build.0 = Release|Any CPU
		{DC090728-DA05-0ABF-091A-B1D2816674EB}.Debug|Any CPU.ActiveCfg = Debug|Any CPU
		{DC090728-DA05-0ABF-091A-B1D2816674EB}.Debug|Any CPU.Build.0 = Debug|Any CPU
		{DC090728-DA05-0ABF-091A-B1D2816674EB}.Release|Any CPU.ActiveCfg = Release|Any CPU
		{DC090728-DA05-0ABF-091A-B1D2816674EB}.Release|Any CPU.Build.0 = Release|Any CPU
		{251C8AAC-324A-7740-0BFA-A59F80A88AFD}.Debug|Any CPU.ActiveCfg = Debug|Any CPU
		{251C8AAC-324A-7740-0BFA-A59F80A88AFD}.Debug|Any CPU.Build.0 = Debug|Any CPU
		{251C8AAC-324A-7740-0BFA-A59F80A88AFD}.Release|Any CPU.ActiveCfg = Release|Any CPU
		{251C8AAC-324A-7740-0BFA-A59F80A88AFD}.Release|Any CPU.Build.0 = Release|Any CPU
		{49ECBD50-B3C4-37D9-A156-CFDDCB220F70}.Debug|Any CPU.ActiveCfg = Debug|Any CPU
		{49ECBD50-B3C4-37D9-A156-CFDDCB220F70}.Debug|Any CPU.Build.0 = Debug|Any CPU
		{49ECBD50-B3C4-37D9-A156-CFDDCB220F70}.Release|Any CPU.ActiveCfg = Release|Any CPU
		{49ECBD50-B3C4-37D9-A156-CFDDCB220F70}.Release|Any CPU.Build.0 = Release|Any CPU
		{1FFCB1A0-A6E8-58E1-945F-DBBB7F663DDC}.Debug|Any CPU.ActiveCfg = Debug|Any CPU
		{1FFCB1A0-A6E8-58E1-945F-DBBB7F663DDC}.Debug|Any CPU.Build.0 = Debug|Any CPU
		{1FFCB1A0-A6E8-58E1-945F-DBBB7F663DDC}.Release|Any CPU.ActiveCfg = Release|Any CPU
		{1FFCB1A0-A6E8-58E1-945F-DBBB7F663DDC}.Release|Any CPU.Build.0 = Release|Any CPU
		{9012A86C-D18B-1863-B9FE-B5B0DD37FC0A}.Debug|Any CPU.ActiveCfg = Debug|Any CPU
		{9012A86C-D18B-1863-B9FE-B5B0DD37FC0A}.Debug|Any CPU.Build.0 = Debug|Any CPU
		{9012A86C-D18B-1863-B9FE-B5B0DD37FC0A}.Release|Any CPU.ActiveCfg = Release|Any CPU
		{9012A86C-D18B-1863-B9FE-B5B0DD37FC0A}.Release|Any CPU.Build.0 = Release|Any CPU
		{FF29E15B-B64D-2C20-B47B-03A545F95101}.Debug|Any CPU.ActiveCfg = Debug|Any CPU
		{FF29E15B-B64D-2C20-B47B-03A545F95101}.Debug|Any CPU.Build.0 = Debug|Any CPU
		{FF29E15B-B64D-2C20-B47B-03A545F95101}.Release|Any CPU.ActiveCfg = Release|Any CPU
		{FF29E15B-B64D-2C20-B47B-03A545F95101}.Release|Any CPU.Build.0 = Release|Any CPU
		{2D21C3F7-6D52-8DC9-E422-B5D67BB46B50}.Debug|Any CPU.ActiveCfg = Debug|Any CPU
		{2D21C3F7-6D52-8DC9-E422-B5D67BB46B50}.Debug|Any CPU.Build.0 = Debug|Any CPU
		{2D21C3F7-6D52-8DC9-E422-B5D67BB46B50}.Release|Any CPU.ActiveCfg = Release|Any CPU
		{2D21C3F7-6D52-8DC9-E422-B5D67BB46B50}.Release|Any CPU.Build.0 = Release|Any CPU
		{0BEF5999-D00B-FAAC-6681-A5AD4F42B58E}.Debug|Any CPU.ActiveCfg = Debug|Any CPU
		{0BEF5999-D00B-FAAC-6681-A5AD4F42B58E}.Debug|Any CPU.Build.0 = Debug|Any CPU
		{0BEF5999-D00B-FAAC-6681-A5AD4F42B58E}.Release|Any CPU.ActiveCfg = Release|Any CPU
		{0BEF5999-D00B-FAAC-6681-A5AD4F42B58E}.Release|Any CPU.Build.0 = Release|Any CPU
		{23E0A59F-F501-33F9-2E90-BB27DEDEF085}.Debug|Any CPU.ActiveCfg = Debug|Any CPU
		{23E0A59F-F501-33F9-2E90-BB27DEDEF085}.Debug|Any CPU.Build.0 = Debug|Any CPU
		{23E0A59F-F501-33F9-2E90-BB27DEDEF085}.Release|Any CPU.ActiveCfg = Release|Any CPU
		{23E0A59F-F501-33F9-2E90-BB27DEDEF085}.Release|Any CPU.Build.0 = Release|Any CPU
		{C329B043-7BBA-F3AF-59C4-A8158B803314}.Debug|Any CPU.ActiveCfg = Debug|Any CPU
		{C329B043-7BBA-F3AF-59C4-A8158B803314}.Debug|Any CPU.Build.0 = Debug|Any CPU
		{C329B043-7BBA-F3AF-59C4-A8158B803314}.Release|Any CPU.ActiveCfg = Release|Any CPU
		{C329B043-7BBA-F3AF-59C4-A8158B803314}.Release|Any CPU.Build.0 = Release|Any CPU
		{8C1D954B-F8CF-DD04-A0DC-0A4B582ABB5C}.Debug|Any CPU.ActiveCfg = Debug|Any CPU
		{8C1D954B-F8CF-DD04-A0DC-0A4B582ABB5C}.Debug|Any CPU.Build.0 = Debug|Any CPU
		{8C1D954B-F8CF-DD04-A0DC-0A4B582ABB5C}.Release|Any CPU.ActiveCfg = Release|Any CPU
		{8C1D954B-F8CF-DD04-A0DC-0A4B582ABB5C}.Release|Any CPU.Build.0 = Release|Any CPU
		{E3529F27-CDB6-3F8F-A46C-ECDFEF53AD42}.Debug|Any CPU.ActiveCfg = Debug|Any CPU
		{E3529F27-CDB6-3F8F-A46C-ECDFEF53AD42}.Debug|Any CPU.Build.0 = Debug|Any CPU
		{E3529F27-CDB6-3F8F-A46C-ECDFEF53AD42}.Release|Any CPU.ActiveCfg = Release|Any CPU
		{E3529F27-CDB6-3F8F-A46C-ECDFEF53AD42}.Release|Any CPU.Build.0 = Release|Any CPU
		{35C9BA5A-5888-F4D3-0FA0-FDB9E2245D02}.Debug|Any CPU.ActiveCfg = Debug|Any CPU
		{35C9BA5A-5888-F4D3-0FA0-FDB9E2245D02}.Debug|Any CPU.Build.0 = Debug|Any CPU
		{35C9BA5A-5888-F4D3-0FA0-FDB9E2245D02}.Release|Any CPU.ActiveCfg = Release|Any CPU
		{35C9BA5A-5888-F4D3-0FA0-FDB9E2245D02}.Release|Any CPU.Build.0 = Release|Any CPU
	EndGlobalSection
	GlobalSection(SolutionProperties) = preSolution
		HideSolutionNode = FALSE
	EndGlobalSection
EndGlobal
